
Microsoft Visual Studio Solution File, Format Version 12.00
# Visual Studio Version 16
VisualStudioVersion = 16.0.31515.178
MinimumVisualStudioVersion = 10.0.40219.1
Project("{9A19103F-16F7-4668-BE54-9A1E7A4F7556}") = "ConsoleApp3", "ConsoleApp3\ConsoleApp3.csproj", "{CADE4ABE-FAF0-4F97-A746-F80204F02183}"
EndProject
Project("{9A19103F-16F7-4668-BE54-9A1E7A4F7556}") = "ConsoleApp1", "ConsoleApp1\ConsoleApp1.csproj", "{9C918C37-3EA9-4488-820E-E258998DFB13}"
EndProject
Project("{FAE04EC0-301F-11D3-BF4B-00C04F79EFBC}") = "boxing unboxing", "boxing unboxing\boxing unboxing.csproj", "{B9EAC1CF-6D9B-4035-B057-E01FA10605AA}"
EndProject
Project("{FAE04EC0-301F-11D3-BF4B-00C04F79EFBC}") = "Test", "Test\Test.csproj", "{8A4BC0A4-6585-40F5-82BF-BF6C05185E3C}"
EndProject
Global
	GlobalSection(SolutionConfigurationPlatforms) = preSolution
		Debug|Any CPU = Debug|Any CPU
		Release|Any CPU = Release|Any CPU
	EndGlobalSection
	GlobalSection(ProjectConfigurationPlatforms) = postSolution
		{CADE4ABE-FAF0-4F97-A746-F80204F02183}.Debug|Any CPU.ActiveCfg = Debug|Any CPU
		{CADE4ABE-FAF0-4F97-A746-F80204F02183}.Debug|Any CPU.Build.0 = Debug|Any CPU
		{CADE4ABE-FAF0-4F97-A746-F80204F02183}.Release|Any CPU.ActiveCfg = Release|Any CPU
		{CADE4ABE-FAF0-4F97-A746-F80204F02183}.Release|Any CPU.Build.0 = Release|Any CPU
		{9C918C37-3EA9-4488-820E-E258998DFB13}.Debug|Any CPU.ActiveCfg = Debug|Any CPU
		{9C918C37-3EA9-4488-820E-E258998DFB13}.Debug|Any CPU.Build.0 = Debug|Any CPU
		{9C918C37-3EA9-4488-820E-E258998DFB13}.Release|Any CPU.ActiveCfg = Release|Any CPU
		{9C918C37-3EA9-4488-820E-E258998DFB13}.Release|Any CPU.Build.0 = Release|Any CPU
		{B9EAC1CF-6D9B-4035-B057-E01FA10605AA}.Debug|Any CPU.ActiveCfg = Debug|Any CPU
		{B9EAC1CF-6D9B-4035-B057-E01FA10605AA}.Debug|Any CPU.Build.0 = Debug|Any CPU
		{B9EAC1CF-6D9B-4035-B057-E01FA10605AA}.Release|Any CPU.ActiveCfg = Release|Any CPU
		{B9EAC1CF-6D9B-4035-B057-E01FA10605AA}.Release|Any CPU.Build.0 = Release|Any CPU
		{8A4BC0A4-6585-40F5-82BF-BF6C05185E3C}.Debug|Any CPU.ActiveCfg = Debug|Any CPU
		{8A4BC0A4-6585-40F5-82BF-BF6C05185E3C}.Debug|Any CPU.Build.0 = Debug|Any CPU
		{8A4BC0A4-6585-40F5-82BF-BF6C05185E3C}.Release|Any CPU.ActiveCfg = Release|Any CPU
		{8A4BC0A4-6585-40F5-82BF-BF6C05185E3C}.Release|Any CPU.Build.0 = Release|Any CPU
	EndGlobalSection
	GlobalSection(SolutionProperties) = preSolution
		HideSolutionNode = FALSE
	EndGlobalSection
	GlobalSection(ExtensibilityGlobals) = postSolution
		SolutionGuid = {4AB4BD87-5F76-4F69-A811-718AAB91FFE1}
	EndGlobalSection
EndGlobal
